{
  "version": 4,
  "terraform_version": "1.10.3",
  "serial": 3,
  "lineage": "e54b0257-8ddd-3d66-87a2-4fd5bbd51d69",
  "outputs": {},
  "resources": [
    {
      "mode": "managed",
      "type": "azurerm_linux_virtual_machine",
      "name": "vm",
      "provider": "provider[\"registry.terraform.io/hashicorp/azurerm\"]",
      "instances": [
        {
          "schema_version": 0,
          "attributes": {
            "additional_capabilities": [],
            "admin_password": null,
            "admin_ssh_key": [
              {
                "public_key": "ssh-rsa AAAAB3NzaC1yc2EAAAADAQABAAACAQCn8u/u5483dwYZqZgIbDe5kMJOohAGI0dUBkHg26yB5VVyfs+mnIiaouBtMw8+j7fDPGLv9Pe6Ku2MdC/VS5EoYEovgp+dl/2/Fqf3UKOw9wKzsK7rAr53NGMr4yBBXiNSRlHTfrcGil4+BTnIFS9mdotTzEsG/4hNq+e7/ASUybvQw4S/UaRb8xYqWi6WDXhHihMZtvVmn1R6V2xe2+W3e5ZCgU8iMtJjyh+Hu9EgtR64Sdrj4cgJqSBAEbo8GvSdVDuE+gpyY9D5JhkSYSPrWGzT6QQVmi09xNXR/VxJj2BMpbaz5rIqMtOubaPdtbTSdIa7tzaEz3Gn2Pj02iaXGLxnVaNx1HSG8Ad+dp/kKEcFKp0Of5L4ZjB9NjHxA/dfCZWH3b1kTMj36j+naZClHdZ9xRRtJ2KtDESKDWuO1M7jjU7E9xtzCxkjcJkxkWjMJx85PctPpbsihMH/xEfkYSOh02E6kNKP6C5LFj9XIUuZpEyDu/NsatsSnXZl4bqJ3ZYVtem+913WvdJ93oHOZbOay8dUOpOfDycPJwxLluQWCNnst0lVtERP2TmG/IRstYle1SZTl7x1+tOwC/pBxJ0Ags6TnMZJbsnocnw0p74RMlhhYDkj3QB2gqFHo7yEwE2o2ZnXoPr39NkIJ6KMhr54dkYBTRTGR6BFCJICWQ== andrei-cosmin.ghilencea@student.upt.ro\n",
                "username": "adminuser"
              }
            ],
            "admin_username": "adminuser",
            "allow_extension_operations": true,
            "availability_set_id": "",
            "boot_diagnostics": [],
            "bypass_platform_safety_checks_on_user_schedule_enabled": false,
            "capacity_reservation_group_id": "",
            "computer_name": "thesis-vm",
            "custom_data": null,
            "dedicated_host_group_id": "",
            "dedicated_host_id": "",
            "disable_password_authentication": true,
            "disk_controller_type": "",
            "edge_zone": "",
            "encryption_at_host_enabled": false,
            "eviction_policy": "",
            "extensions_time_budget": "PT1H30M",
            "gallery_application": [],
            "id": "/subscriptions/42f0aa72-9941-46be-a162-e863bd1c1caf/resourceGroups/thesisRG/providers/Microsoft.Compute/virtualMachines/thesis-vm",
            "identity": [],
            "license_type": "",
            "location": "westeurope",
            "max_bid_price": -1,
            "name": "thesis-vm",
            "network_interface_ids": [
              "/subscriptions/42f0aa72-9941-46be-a162-e863bd1c1caf/resourceGroups/thesisRG/providers/Microsoft.Network/networkInterfaces/thesis-vm-nic"
            ],
            "os_disk": [
              {
                "caching": "ReadWrite",
                "diff_disk_settings": [],
                "disk_encryption_set_id": "",
                "disk_size_gb": 30,
                "id": "/subscriptions/42f0aa72-9941-46be-a162-e863bd1c1caf/resourceGroups/thesisRG/providers/Microsoft.Compute/disks/thesis-vm_disk1_e6591e35dd484937b33cd0fac125ab07",
                "name": "thesis-vm_disk1_e6591e35dd484937b33cd0fac125ab07",
                "secure_vm_disk_encryption_set_id": "",
                "security_encryption_type": "",
                "storage_account_type": "Standard_LRS",
                "write_accelerator_enabled": false
              }
            ],
            "os_image_notification": [],
            "patch_assessment_mode": "ImageDefault",
            "patch_mode": "ImageDefault",
            "plan": [],
            "platform_fault_domain": -1,
            "priority": "Regular",
            "private_ip_address": "10.0.1.100",
            "private_ip_addresses": [
              "10.0.1.100"
            ],
            "provision_vm_agent": true,
            "proximity_placement_group_id": "",
            "public_ip_address": "",
            "public_ip_addresses": [],
            "reboot_setting": "",
            "resource_group_name": "thesisRG",
            "secret": [],
            "secure_boot_enabled": false,
            "size": "Standard_B1s",
            "source_image_id": "",
            "source_image_reference": [
              {
                "offer": "UbuntuServer",
                "publisher": "Canonical",
                "sku": "18.04-LTS",
                "version": "latest"
              }
            ],
            "tags": null,
            "termination_notification": null,
            "timeouts": null,
            "user_data": "",
            "virtual_machine_id": "e3bb3f3d-2be1-43b2-a461-a921e7272879",
            "virtual_machine_scale_set_id": "",
            "vm_agent_platform_updates_enabled": false,
            "vtpm_enabled": false,
            "zone": ""
          },
          "sensitive_attributes": [
            [
              {
                "type": "get_attr",
                "value": "admin_password"
              }
            ],
            [
              {
                "type": "get_attr",
                "value": "custom_data"
              }
            ]
          ],
          "private": "eyJlMmJmYjczMC1lY2FhLTExZTYtOGY4OC0zNDM2M2JjN2M0YzAiOnsiY3JlYXRlIjoyNzAwMDAwMDAwMDAwLCJkZWxldGUiOjI3MDAwMDAwMDAwMDAsInJlYWQiOjMwMDAwMDAwMDAwMCwidXBkYXRlIjoyNzAwMDAwMDAwMDAwfX0=",
          "dependencies": [
            "azurerm_network_interface.vm_nic"
          ]
        }
      ]
    },
    {
      "mode": "managed",
      "type": "azurerm_network_interface",
      "name": "vm_nic",
      "provider": "provider[\"registry.terraform.io/hashicorp/azurerm\"]",
      "instances": [
        {
          "schema_version": 0,
          "attributes": {
            "accelerated_networking_enabled": false,
            "applied_dns_servers": [],
            "auxiliary_mode": "",
            "auxiliary_sku": "",
            "dns_servers": null,
            "edge_zone": "",
            "id": "/subscriptions/42f0aa72-9941-46be-a162-e863bd1c1caf/resourceGroups/thesisRG/providers/Microsoft.Network/networkInterfaces/thesis-vm-nic",
            "internal_dns_name_label": "",
            "internal_domain_name_suffix": "eqnseurzjztutamauskdlcdzma.ax.internal.cloudapp.net",
            "ip_configuration": [
              {
                "gateway_load_balancer_frontend_ip_configuration_id": "",
                "name": "internal",
                "primary": true,
                "private_ip_address": "10.0.1.100",
                "private_ip_address_allocation": "Static",
                "private_ip_address_version": "IPv4",
                "public_ip_address_id": "",
                "subnet_id": "/subscriptions/42f0aa72-9941-46be-a162-e863bd1c1caf/resourceGroups/thesisRG/providers/Microsoft.Network/virtualNetworks/thesis-vnet/subnets/thesis-subnet"
              }
            ],
            "ip_forwarding_enabled": false,
            "location": "westeurope",
            "mac_address": "",
            "name": "thesis-vm-nic",
            "private_ip_address": "10.0.1.100",
            "private_ip_addresses": [
              "10.0.1.100"
            ],
            "resource_group_name": "thesisRG",
            "tags": null,
            "timeouts": null,
            "virtual_machine_id": ""
          },
          "sensitive_attributes": [],
          "private": "eyJlMmJmYjczMC1lY2FhLTExZTYtOGY4OC0zNDM2M2JjN2M0YzAiOnsiY3JlYXRlIjoxODAwMDAwMDAwMDAwLCJkZWxldGUiOjE4MDAwMDAwMDAwMDAsInJlYWQiOjMwMDAwMDAwMDAwMCwidXBkYXRlIjoxODAwMDAwMDAwMDAwfX0="
        }
      ]
    }
  ],
  "check_results": null
}
