{
  "version": 4,
  "terraform_version": "1.10.3",
  "serial": 5,
  "lineage": "3e7544f1-79a4-63e1-a593-854b2bbd6bc4",
  "outputs": {
    "subnet_id": {
      "value": "/subscriptions/42f0aa72-9941-46be-a162-e863bd1c1caf/resourceGroups/thesisRG/providers/Microsoft.Network/virtualNetworks/thesis-vnet/subnets/thesis-subnet",
      "type": "string"
    },
    "subnet_name": {
      "value": "thesis-subnet",
      "type": "string"
    },
    "vnet_id": {
      "value": "/subscriptions/42f0aa72-9941-46be-a162-e863bd1c1caf/resourceGroups/thesisRG/providers/Microsoft.Network/virtualNetworks/thesis-vnet",
      "type": "string"
    },
    "vnet_name": {
      "value": "thesis-vnet",
      "type": "string"
    }
  },
  "resources": [
    {
      "mode": "managed",
      "type": "azurerm_resource_group",
      "name": "vnet_rg",
      "provider": "provider[\"registry.terraform.io/hashicorp/azurerm\"]",
      "instances": [
        {
          "schema_version": 0,
          "attributes": {
            "id": "/subscriptions/42f0aa72-9941-46be-a162-e863bd1c1caf/resourceGroups/thesisRG",
            "location": "westeurope",
            "managed_by": "",
            "name": "thesisRG",
            "tags": null,
            "timeouts": null
          },
          "sensitive_attributes": [],
          "private": "eyJlMmJmYjczMC1lY2FhLTExZTYtOGY4OC0zNDM2M2JjN2M0YzAiOnsiY3JlYXRlIjo1NDAwMDAwMDAwMDAwLCJkZWxldGUiOjU0MDAwMDAwMDAwMDAsInJlYWQiOjMwMDAwMDAwMDAwMCwidXBkYXRlIjo1NDAwMDAwMDAwMDAwfX0="
        }
      ]
    },
    {
      "mode": "managed",
      "type": "azurerm_subnet",
      "name": "main_subnet",
      "provider": "provider[\"registry.terraform.io/hashicorp/azurerm\"]",
      "instances": [
        {
          "schema_version": 0,
          "attributes": {
            "address_prefixes": [
              "10.0.1.0/24"
            ],
            "default_outbound_access_enabled": true,
            "delegation": [],
            "id": "/subscriptions/42f0aa72-9941-46be-a162-e863bd1c1caf/resourceGroups/thesisRG/providers/Microsoft.Network/virtualNetworks/thesis-vnet/subnets/thesis-subnet",
            "name": "thesis-subnet",
            "private_endpoint_network_policies": "Disabled",
            "private_link_service_network_policies_enabled": true,
            "resource_group_name": "thesisRG",
            "service_endpoint_policy_ids": null,
            "service_endpoints": null,
            "timeouts": null,
            "virtual_network_name": "thesis-vnet"
          },
          "sensitive_attributes": [],
          "private": "eyJlMmJmYjczMC1lY2FhLTExZTYtOGY4OC0zNDM2M2JjN2M0YzAiOnsiY3JlYXRlIjoxODAwMDAwMDAwMDAwLCJkZWxldGUiOjE4MDAwMDAwMDAwMDAsInJlYWQiOjMwMDAwMDAwMDAwMCwidXBkYXRlIjoxODAwMDAwMDAwMDAwfX0=",
          "dependencies": [
            "azurerm_resource_group.vnet_rg",
            "azurerm_virtual_network.main_vnet"
          ]
        }
      ]
    },
    {
      "mode": "managed",
      "type": "azurerm_virtual_network",
      "name": "main_vnet",
      "provider": "provider[\"registry.terraform.io/hashicorp/azurerm\"]",
      "instances": [
        {
          "schema_version": 0,
          "attributes": {
            "address_space": [
              "10.0.0.0/16"
            ],
            "bgp_community": "",
            "ddos_protection_plan": [],
            "dns_servers": [],
            "edge_zone": "",
            "encryption": [],
            "flow_timeout_in_minutes": 0,
            "guid": "52221b24-4e39-4967-8180-a49435887960",
            "id": "/subscriptions/42f0aa72-9941-46be-a162-e863bd1c1caf/resourceGroups/thesisRG/providers/Microsoft.Network/virtualNetworks/thesis-vnet",
            "location": "westeurope",
            "name": "thesis-vnet",
            "private_endpoint_vnet_policies": "Disabled",
            "resource_group_name": "thesisRG",
            "subnet": [],
            "tags": {
              "environment": "dev"
            },
            "timeouts": null
          },
          "sensitive_attributes": [],
          "private": "eyJlMmJmYjczMC1lY2FhLTExZTYtOGY4OC0zNDM2M2JjN2M0YzAiOnsiY3JlYXRlIjoxODAwMDAwMDAwMDAwLCJkZWxldGUiOjE4MDAwMDAwMDAwMDAsInJlYWQiOjMwMDAwMDAwMDAwMCwidXBkYXRlIjoxODAwMDAwMDAwMDAwfX0=",
          "dependencies": [
            "azurerm_resource_group.vnet_rg"
          ]
        }
      ]
    }
  ],
  "check_results": null
}
